
Microsoft Visual Studio Solution File, Format Version 12.00
# Visual Studio Version 17
VisualStudioVersion = 17.3.32825.248
MinimumVisualStudioVersion = 10.0.40219.1
Project("{9A19103F-16F7-4668-BE54-9A1E7A4F7556}") = "AdventureGameClassLibrary", "AdventureGameClassLibrary\AdventureGameClassLibrary.csproj", "{B470D3EF-3D15-4771-9388-6AC8B1EFAEEE}"
EndProject
Project("{FAE04EC0-301F-11D3-BF4B-00C04F79EFBC}") = "AdventureGameConsoleApp", "AdventureGameConsoleApp\AdventureGameConsoleApp.csproj", "{9D3B85C1-B747-4321-BB67-2160248D060F}"
EndProject
Project("{FAE04EC0-301F-11D3-BF4B-00C04F79EFBC}") = "AdventureGameTest", "AdventureGameTest\AdventureGameTest.csproj", "{D75E56B3-EE77-41AF-B00B-32B3FEFA2370}"
EndProject
Global
	GlobalSection(SolutionConfigurationPlatforms) = preSolution
		Debug|Any CPU = Debug|Any CPU
		Release|Any CPU = Release|Any CPU
	EndGlobalSection
	GlobalSection(ProjectConfigurationPlatforms) = postSolution
		{B470D3EF-3D15-4771-9388-6AC8B1EFAEEE}.Debug|Any CPU.ActiveCfg = Debug|Any CPU
		{B470D3EF-3D15-4771-9388-6AC8B1EFAEEE}.Debug|Any CPU.Build.0 = Debug|Any CPU
		{B470D3EF-3D15-4771-9388-6AC8B1EFAEEE}.Release|Any CPU.ActiveCfg = Release|Any CPU
		{B470D3EF-3D15-4771-9388-6AC8B1EFAEEE}.Release|Any CPU.Build.0 = Release|Any CPU
		{9D3B85C1-B747-4321-BB67-2160248D060F}.Debug|Any CPU.ActiveCfg = Debug|Any CPU
		{9D3B85C1-B747-4321-BB67-2160248D060F}.Debug|Any CPU.Build.0 = Debug|Any CPU
		{9D3B85C1-B747-4321-BB67-2160248D060F}.Release|Any CPU.ActiveCfg = Release|Any CPU
		{9D3B85C1-B747-4321-BB67-2160248D060F}.Release|Any CPU.Build.0 = Release|Any CPU
		{D75E56B3-EE77-41AF-B00B-32B3FEFA2370}.Debug|Any CPU.ActiveCfg = Debug|Any CPU
		{D75E56B3-EE77-41AF-B00B-32B3FEFA2370}.Debug|Any CPU.Build.0 = Debug|Any CPU
		{D75E56B3-EE77-41AF-B00B-32B3FEFA2370}.Release|Any CPU.ActiveCfg = Release|Any CPU
		{D75E56B3-EE77-41AF-B00B-32B3FEFA2370}.Release|Any CPU.Build.0 = Release|Any CPU
	EndGlobalSection
	GlobalSection(SolutionProperties) = preSolution
		HideSolutionNode = FALSE
	EndGlobalSection
	GlobalSection(ExtensibilityGlobals) = postSolution
		SolutionGuid = {96A880B6-587D-48E3-B151-D87E2F0ED90B}
	EndGlobalSection
EndGlobal
